
Microsoft Visual Studio Solution File, Format Version 12.00
# Visual Studio Version 17
VisualStudioVersion = 17.5.002.0
MinimumVisualStudioVersion = 10.0.40219.1
Project("{9A19103F-16F7-4668-BE54-9A1E7A4F7556}") = "Task10", "Task10\Task10.csproj", "{FD7F5F8F-42EA-4D04-ACC4-B5FA0D478E14}"
EndProject
Project("{9A19103F-16F7-4668-BE54-9A1E7A4F7556}") = "Task13", "Task13\Task13.csproj", "{7B7C2F03-1FB9-431C-93FD-39ACFB3838D5}"
EndProject
Project("{9A19103F-16F7-4668-BE54-9A1E7A4F7556}") = "Task15", "Task15\Task15.csproj", "{10CCD3F5-34AA-4005-968A-4E08FCE1D2CF}"
EndProject
Global
	GlobalSection(SolutionConfigurationPlatforms) = preSolution
		Debug|Any CPU = Debug|Any CPU
		Release|Any CPU = Release|Any CPU
	EndGlobalSection
	GlobalSection(ProjectConfigurationPlatforms) = postSolution
		{FD7F5F8F-42EA-4D04-ACC4-B5FA0D478E14}.Debug|Any CPU.ActiveCfg = Debug|Any CPU
		{FD7F5F8F-42EA-4D04-ACC4-B5FA0D478E14}.Debug|Any CPU.Build.0 = Debug|Any CPU
		{FD7F5F8F-42EA-4D04-ACC4-B5FA0D478E14}.Release|Any CPU.ActiveCfg = Release|Any CPU
		{FD7F5F8F-42EA-4D04-ACC4-B5FA0D478E14}.Release|Any CPU.Build.0 = Release|Any CPU
		{7B7C2F03-1FB9-431C-93FD-39ACFB3838D5}.Debug|Any CPU.ActiveCfg = Debug|Any CPU
		{7B7C2F03-1FB9-431C-93FD-39ACFB3838D5}.Debug|Any CPU.Build.0 = Debug|Any CPU
		{7B7C2F03-1FB9-431C-93FD-39ACFB3838D5}.Release|Any CPU.ActiveCfg = Release|Any CPU
		{7B7C2F03-1FB9-431C-93FD-39ACFB3838D5}.Release|Any CPU.Build.0 = Release|Any CPU
		{10CCD3F5-34AA-4005-968A-4E08FCE1D2CF}.Debug|Any CPU.ActiveCfg = Debug|Any CPU
		{10CCD3F5-34AA-4005-968A-4E08FCE1D2CF}.Debug|Any CPU.Build.0 = Debug|Any CPU
		{10CCD3F5-34AA-4005-968A-4E08FCE1D2CF}.Release|Any CPU.ActiveCfg = Release|Any CPU
		{10CCD3F5-34AA-4005-968A-4E08FCE1D2CF}.Release|Any CPU.Build.0 = Release|Any CPU
	EndGlobalSection
	GlobalSection(SolutionProperties) = preSolution
		HideSolutionNode = FALSE
	EndGlobalSection
	GlobalSection(ExtensibilityGlobals) = postSolution
		SolutionGuid = {07130FEB-3BB9-4339-95F3-7EC474A7AC64}
	EndGlobalSection
EndGlobal
